// !$*UTF8*$!
{
	archiveVersion = 1;
	classes = {
	};
	objectVersion = 46;
	objects = {

/* Begin PBXBuildFile section */
		C228389B1B5101E1007E9FC7 /* main.cpp in Sources */ = {isa = PBXBuildFile; fileRef = C228389A1B5101E1007E9FC7 /* main.cpp */; };
		C2330B031B62227200A3003A /* test.y in Sources */ = {isa = PBXBuildFile; fileRef = C2330B021B62227200A3003A /* test.y */; };
		C2330B061B62245A00A3003A /* ASTParserHelpers.cpp in Sources */ = {isa = PBXBuildFile; fileRef = C2330B041B62245A00A3003A /* ASTParserHelpers.cpp */; };
		C261FDE21B5F51B100CBC1BF /* DFA.cpp in Sources */ = {isa = PBXBuildFile; fileRef = C261FDE01B5F51B100CBC1BF /* DFA.cpp */; };
		C261FDE91B5F531500CBC1BF /* JIT.cpp in Sources */ = {isa = PBXBuildFile; fileRef = C261FDE71B5F531500CBC1BF /* JIT.cpp */; };
/* End PBXBuildFile section */

/* Begin PBXCopyFilesBuildPhase section */
		C22838951B5101E1007E9FC7 /* CopyFiles */ = {
			isa = PBXCopyFilesBuildPhase;
			buildActionMask = 2147483647;
			dstPath = /usr/share/man/man1/;
			dstSubfolderSpec = 0;
			files = (
			);
			runOnlyForDeploymentPostprocessing = 1;
		};
/* End PBXCopyFilesBuildPhase section */

/* Begin PBXFileReference section */
		C22838971B5101E1007E9FC7 /* Regex */ = {isa = PBXFileReference; explicitFileType = "compiled.mach-o.executable"; includeInIndex = 0; path = Regex; sourceTree = BUILT_PRODUCTS_DIR; };
		C228389A1B5101E1007E9FC7 /* main.cpp */ = {isa = PBXFileReference; lastKnownFileType = sourcecode.cpp.cpp; path = main.cpp; sourceTree = "<group>"; };
		C2330B021B62227200A3003A /* test.y */ = {isa = PBXFileReference; fileEncoding = 4; lastKnownFileType = sourcecode.yacc; path = test.y; sourceTree = "<group>"; };
		C2330B041B62245A00A3003A /* ASTParserHelpers.cpp */ = {isa = PBXFileReference; fileEncoding = 4; lastKnownFileType = sourcecode.cpp.cpp; path = ASTParserHelpers.cpp; sourceTree = "<group>"; };
		C2330B051B62245A00A3003A /* ASTParserHelpers.h */ = {isa = PBXFileReference; fileEncoding = 4; lastKnownFileType = sourcecode.c.h; path = ASTParserHelpers.h; sourceTree = "<group>"; };
		C25359F01B60C9B300E92EF0 /* AST.h */ = {isa = PBXFileReference; fileEncoding = 4; lastKnownFileType = sourcecode.c.h; path = AST.h; sourceTree = "<group>"; };
		C261FDDE1B5F4F8D00CBC1BF /* NFA.h */ = {isa = PBXFileReference; fileEncoding = 4; lastKnownFileType = sourcecode.c.h; path = NFA.h; sourceTree = "<group>"; };
		C261FDE01B5F51B100CBC1BF /* DFA.cpp */ = {isa = PBXFileReference; fileEncoding = 4; lastKnownFileType = sourcecode.cpp.cpp; path = DFA.cpp; sourceTree = "<group>"; };
		C261FDE11B5F51B100CBC1BF /* DFA.h */ = {isa = PBXFileReference; fileEncoding = 4; lastKnownFileType = sourcecode.c.h; path = DFA.h; sourceTree = "<group>"; };
		C261FDE31B5F522700CBC1BF /* Machine.h */ = {isa = PBXFileReference; lastKnownFileType = sourcecode.c.h; path = Machine.h; sourceTree = "<group>"; };
		C261FDE51B5F525000CBC1BF /* Interpreter.h */ = {isa = PBXFileReference; fileEncoding = 4; lastKnownFileType = sourcecode.c.h; path = Interpreter.h; sourceTree = "<group>"; };
		C261FDE71B5F531500CBC1BF /* JIT.cpp */ = {isa = PBXFileReference; fileEncoding = 4; lastKnownFileType = sourcecode.cpp.cpp; path = JIT.cpp; sourceTree = "<group>"; };
		C261FDE81B5F531500CBC1BF /* JIT.h */ = {isa = PBXFileReference; fileEncoding = 4; lastKnownFileType = sourcecode.c.h; path = JIT.h; sourceTree = "<group>"; };
/* End PBXFileReference section */

/* Begin PBXFrameworksBuildPhase section */
		C22838941B5101E1007E9FC7 /* Frameworks */ = {
			isa = PBXFrameworksBuildPhase;
			buildActionMask = 2147483647;
			files = (
			);
			runOnlyForDeploymentPostprocessing = 0;
		};
/* End PBXFrameworksBuildPhase section */

/* Begin PBXGroup section */
		C228388E1B5101E1007E9FC7 = {
			isa = PBXGroup;
			children = (
				C22838991B5101E1007E9FC7 /* Regex */,
				C22838981B5101E1007E9FC7 /* Products */,
			);
			sourceTree = "<group>";
		};
		C22838981B5101E1007E9FC7 /* Products */ = {
			isa = PBXGroup;
			children = (
				C22838971B5101E1007E9FC7 /* Regex */,
			);
			name = Products;
			sourceTree = "<group>";
		};
		C22838991B5101E1007E9FC7 /* Regex */ = {
			isa = PBXGroup;
			children = (
				C228389A1B5101E1007E9FC7 /* main.cpp */,
				C261FDDE1B5F4F8D00CBC1BF /* NFA.h */,
				C261FDE01B5F51B100CBC1BF /* DFA.cpp */,
				C261FDE11B5F51B100CBC1BF /* DFA.h */,
				C261FDE31B5F522700CBC1BF /* Machine.h */,
				C261FDE51B5F525000CBC1BF /* Interpreter.h */,
				C261FDE71B5F531500CBC1BF /* JIT.cpp */,
				C261FDE81B5F531500CBC1BF /* JIT.h */,
				C25359F01B60C9B300E92EF0 /* AST.h */,
				C2330B021B62227200A3003A /* test.y */,
				C2330B041B62245A00A3003A /* ASTParserHelpers.cpp */,
				C2330B051B62245A00A3003A /* ASTParserHelpers.h */,
			);
			path = Regex;
			sourceTree = "<group>";
		};
/* End PBXGroup section */

/* Begin PBXNativeTarget section */
		C22838961B5101E1007E9FC7 /* Regex */ = {
			isa = PBXNativeTarget;
			buildConfigurationList = C228389E1B5101E1007E9FC7 /* Build configuration list for PBXNativeTarget "Regex" */;
			buildPhases = (
				C22838931B5101E1007E9FC7 /* Sources */,
				C22838941B5101E1007E9FC7 /* Frameworks */,
				C22838951B5101E1007E9FC7 /* CopyFiles */,
			);
			buildRules = (
			);
			dependencies = (
			);
			name = Regex;
			productName = Regex;
			productReference = C22838971B5101E1007E9FC7 /* Regex */;
			productType = "com.apple.product-type.tool";
		};
/* End PBXNativeTarget section */

/* Begin PBXProject section */
		C228388F1B5101E1007E9FC7 /* Project object */ = {
			isa = PBXProject;
			attributes = {
				LastUpgradeCheck = 0700;
				ORGANIZATIONNAME = Litherum;
				TargetAttributes = {
					C22838961B5101E1007E9FC7 = {
						CreatedOnToolsVersion = 7.0;
					};
				};
			};
			buildConfigurationList = C22838921B5101E1007E9FC7 /* Build configuration list for PBXProject "Regex" */;
			compatibilityVersion = "Xcode 3.2";
			developmentRegion = English;
			hasScannedForEncodings = 0;
			knownRegions = (
				en,
			);
			mainGroup = C228388E1B5101E1007E9FC7;
			productRefGroup = C22838981B5101E1007E9FC7 /* Products */;
			projectDirPath = "";
			projectRoot = "";
			targets = (
				C22838961B5101E1007E9FC7 /* Regex */,
			);
		};
/* End PBXProject section */

/* Begin PBXSourcesBuildPhase section */
		C22838931B5101E1007E9FC7 /* Sources */ = {
			isa = PBXSourcesBuildPhase;
			buildActionMask = 2147483647;
			files = (
				C261FDE21B5F51B100CBC1BF /* DFA.cpp in Sources */,
				C2330B031B62227200A3003A /* test.y in Sources */,
				C228389B1B5101E1007E9FC7 /* main.cpp in Sources */,
				C261FDE91B5F531500CBC1BF /* JIT.cpp in Sources */,
				C2330B061B62245A00A3003A /* ASTParserHelpers.cpp in Sources */,
			);
			runOnlyForDeploymentPostprocessing = 0;
		};
/* End PBXSourcesBuildPhase section */

/* Begin XCBuildConfiguration section */
		C228389C1B5101E1007E9FC7 /* Debug */ = {
			isa = XCBuildConfiguration;
			buildSettings = {
				ALWAYS_SEARCH_USER_PATHS = NO;
				CLANG_CXX_LANGUAGE_STANDARD = "gnu++0x";
				CLANG_CXX_LIBRARY = "libc++";
				CLANG_ENABLE_MODULES = YES;
				CLANG_ENABLE_OBJC_ARC = YES;
				CLANG_WARN_BOOL_CONVERSION = YES;
				CLANG_WARN_CONSTANT_CONVERSION = YES;
				CLANG_WARN_DIRECT_OBJC_ISA_USAGE = YES_ERROR;
				CLANG_WARN_EMPTY_BODY = YES;
				CLANG_WARN_ENUM_CONVERSION = YES;
				CLANG_WARN_INT_CONVERSION = YES;
				CLANG_WARN_OBJC_ROOT_CLASS = YES_ERROR;
				CLANG_WARN_UNREACHABLE_CODE = YES;
				CLANG_WARN__DUPLICATE_METHOD_MATCH = YES;
				COPY_PHASE_STRIP = NO;
				DEBUG_INFORMATION_FORMAT = dwarf;
				ENABLE_STRICT_OBJC_MSGSEND = YES;
				ENABLE_TESTABILITY = YES;
				GCC_C_LANGUAGE_STANDARD = c99;
				GCC_DYNAMIC_NO_PIC = NO;
				GCC_NO_COMMON_BLOCKS = YES;
				GCC_OPTIMIZATION_LEVEL = 0;
				GCC_PREPROCESSOR_DEFINITIONS = (
					"DEBUG=1",
					"$(inherited)",
				);
				GCC_WARN_64_TO_32_BIT_CONVERSION = YES;
				GCC_WARN_ABOUT_RETURN_TYPE = YES_ERROR;
				GCC_WARN_UNDECLARED_SELECTOR = YES;
				GCC_WARN_UNINITIALIZED_AUTOS = YES_AGGRESSIVE;
				GCC_WARN_UNUSED_FUNCTION = YES;
				GCC_WARN_UNUSED_VARIABLE = YES;
				MACOSX_DEPLOYMENT_TARGET = 10.11;
				MTL_ENABLE_DEBUG_INFO = YES;
				ONLY_ACTIVE_ARCH = YES;
				SDKROOT = macosx;
			};
			name = Debug;
		};
		C228389D1B5101E1007E9FC7 /* Release */ = {
			isa = XCBuildConfiguration;
			buildSettings = {
				ALWAYS_SEARCH_USER_PATHS = NO;
				CLANG_CXX_LANGUAGE_STANDARD = "gnu++0x";
				CLANG_CXX_LIBRARY = "libc++";
				CLANG_ENABLE_MODULES = YES;
				CLANG_ENABLE_OBJC_ARC = YES;
				CLANG_WARN_BOOL_CONVERSION = YES;
				CLANG_WARN_CONSTANT_CONVERSION = YES;
				CLANG_WARN_DIRECT_OBJC_ISA_USAGE = YES_ERROR;
				CLANG_WARN_EMPTY_BODY = YES;
				CLANG_WARN_ENUM_CONVERSION = YES;
				CLANG_WARN_INT_CONVERSION = YES;
				CLANG_WARN_OBJC_ROOT_CLASS = YES_ERROR;
				CLANG_WARN_UNREACHABLE_CODE = YES;
				CLANG_WARN__DUPLICATE_METHOD_MATCH = YES;
				COPY_PHASE_STRIP = NO;
				DEBUG_INFORMATION_FORMAT = "dwarf-with-dsym";
				ENABLE_NS_ASSERTIONS = NO;
				ENABLE_STRICT_OBJC_MSGSEND = YES;
				GCC_C_LANGUAGE_STANDARD = c99;
				GCC_NO_COMMON_BLOCKS = YES;
				GCC_WARN_64_TO_32_BIT_CONVERSION = YES;
				GCC_WARN_ABOUT_RETURN_TYPE = YES_ERROR;
				GCC_WARN_UNDECLARED_SELECTOR = YES;
				GCC_WARN_UNINITIALIZED_AUTOS = YES_AGGRESSIVE;
				GCC_WARN_UNUSED_FUNCTION = YES;
				GCC_WARN_UNUSED_VARIABLE = YES;
				MACOSX_DEPLOYMENT_TARGET = 10.11;
				MTL_ENABLE_DEBUG_INFO = NO;
				SDKROOT = macosx;
			};
			name = Release;
		};
		C228389F1B5101E1007E9FC7 /* Debug */ = {
			isa = XCBuildConfiguration;
			buildSettings = {
				MACOSX_DEPLOYMENT_TARGET = "";
				PRODUCT_NAME = "$(TARGET_NAME)";
			};
			name = Debug;
		};
		C22838A01B5101E1007E9FC7 /* Release */ = {
			isa = XCBuildConfiguration;
			buildSettings = {
				MACOSX_DEPLOYMENT_TARGET = "";
				PRODUCT_NAME = "$(TARGET_NAME)";
			};
			name = Release;
		};
/* End XCBuildConfiguration section */

/* Begin XCConfigurationList section */
		C22838921B5101E1007E9FC7 /* Build configuration list for PBXProject "Regex" */ = {
			isa = XCConfigurationList;
			buildConfigurations = (
				C228389C1B5101E1007E9FC7 /* Debug */,
				C228389D1B5101E1007E9FC7 /* Release */,
			);
			defaultConfigurationIsVisible = 0;
			defaultConfigurationName = Release;
		};
		C228389E1B5101E1007E9FC7 /* Build configuration list for PBXNativeTarget "Regex" */ = {
			isa = XCConfigurationList;
			buildConfigurations = (
				C228389F1B5101E1007E9FC7 /* Debug */,
				C22838A01B5101E1007E9FC7 /* Release */,
			);
			defaultConfigurationIsVisible = 0;
			defaultConfigurationName = Release;
		};
/* End XCConfigurationList section */
	};
	rootObject = C228388F1B5101E1007E9FC7 /* Project object */;
}
